# This file is autogenerated, do not edit; changes may be undone by the next 'dep ensure'.


[[projects]]
  name = "github.com/Sirupsen/logrus"
  packages = ["."]
  revision = "f006c2ac4710855cf0f916dd6b77acf6b048dc6e"
  version = "v1.0.3"

[[projects]]
  branch = "master"
  name = "github.com/crosbymichael/octokat"
  packages = ["."]
  revision = "076a32289ed52881ba23f353b3acc8510e5119ed"

[[projects]]
  name = "github.com/dropbox/dropbox-sdk-go-unofficial"
  packages = ["dropbox","dropbox/async","dropbox/file_properties","dropbox/files"]
  revision = "91af7487000a752fa2d77f245665a81da072d122"
  version = "v3.1.0"

[[projects]]
  branch = "master"
  name = "github.com/golang/protobuf"
  packages = ["proto"]
  revision = "130e6b02ab059e7b717a096f397c5b60111cae74"

[[projects]]
  branch = "master"
  name = "github.com/google/btree"
  packages = ["."]
  revision = "316fb6d3f031ae8f4d457c6c5186b9e3ded70435"

[[projects]]
  branch = "master"
  name = "github.com/gregjones/httpcache"
  packages = [".","diskcache"]
  revision = "787624de3eb7bd915c329cba748687a3b22666a6"

[[projects]]
  branch = "master"
  name = "github.com/petar/GoLLRB"
  packages = ["llrb"]
  revision = "53be0d36a84c2a886ca057d34b6aa4468df9ccb4"

[[projects]]
  name = "github.com/peterbourgon/diskv"
  packages = ["."]
  revision = "5f041e8faa004a95c88a202771f4cc3e991971e6"
  version = "v2.0.1"

[[projects]]
  name = "github.com/pkg/errors"
  packages = ["."]
  revision = "645ef00459ed84a119197bfb8d8205042c6df63d"
  version = "v0.8.0"

[[projects]]
  branch = "master"
  name = "golang.org/x/crypto"
  packages = ["ssh/terminal"]
  revision = "81e90905daefcd6fd217b62423c0908922eadb30"

[[projects]]
  branch = "master"
  name = "golang.org/x/net"
  packages = ["context","context/ctxhttp"]
  revision = "a04bdaca5b32abe1c069418fb7088ae607de5bd0"

[[projects]]
  branch = "master"
  name = "golang.org/x/oauth2"
  packages = [".","internal"]
  revision = "bb50c06baba3d0c76f9d125c0719093e315b5b44"

[[projects]]
  branch = "master"
  name = "golang.org/x/sys"
  packages = ["unix","windows"]
  revision = "5513e650ab47a692d3a036d49be8fa52ddd09b65"

[[projects]]
  name = "google.golang.org/appengine"
  packages = ["internal","internal/base","internal/datastore","internal/log","internal/remote_api","internal/urlfetch","urlfetch"]
  revision = "150dc57a1b433e64154302bdc40b6bb8aefa313a"
  version = "v1.0.0"

[solve-meta]
  analyzer-name = "dep"
  analyzer-version = 1
  inputs-digest = "393ec863007155c9b56071b4b6659993bb6cdb57ddb8bc90dc9203643ed89134"
  solver-name = "gps-cdcl"
  solver-version = 1
